# THIS IS AN AUTOGENERATED FILE. DO NOT EDIT THIS FILE DIRECTLY.
# yarn lockfile v1


arg@^5.0.2:
  version "5.0.2"
  resolved "https://registry.yarnpkg.com/arg/-/arg-5.0.2.tgz#c81433cc427c92c4dcf4865142dbca6f15acd59c"
  integrity sha512-PYjyFOLKQ9y57JvQ6QLo8dAgNqswh8M1RMJYdQduT6xbWSgK36P/Z/v+p888pM69jMMfS8Xd8F6I1kQ/I9HUGg==

chalk@^5.6.2:
  version "5.6.2"
  resolved "https://registry.yarnpkg.com/chalk/-/chalk-5.6.2.tgz#b1238b6e23ea337af71c7f8a295db5af0c158aea"
  integrity sha512-7NzBL0rN6fMUW+f7A6Io4h40qQlG+xGmtMxfbnH/K7TAtt8JQWVQK+6g0UXKMeVJoyV5EkkNsErQ8pVD3bLHbA==

find-up-simple@^1.0.0:
  version "1.0.1"
  resolved "https://registry.yarnpkg.com/find-up-simple/-/find-up-simple-1.0.1.tgz#18fb90ad49e45252c4d7fca56baade04fa3fca1e"
  integrity sha512-afd4O7zpqHeRyg4PfDQsXmlDe2PfdHtJt6Akt8jOWaApLOZk5JXs6VMR29lz03pRe9mpykrRCYIYxaJYcfpncQ==

package-up@^5.0.0:
  version "5.0.0"
  resolved "https://registry.yarnpkg.com/package-up/-/package-up-5.0.0.tgz#3facda2aa9248c0b68b3dddfa4c58d22aa3faea2"
  integrity sha512-MQEgDUvXCa3sGvqHg3pzHO8e9gqTCMPVrWUko3vPQGntwegmFo52mZb2abIVTjFnUcW0BcPz0D93jV5Cas1DWA==
  dependencies:
    find-up-simple "^1.0.0"
